// !$*UTF8*$!
{
	archiveVersion = 1;
	classes = {
	};
	objectVersion = 55;
	objects = {

/* Begin PBXBuildFile section */
		37BBBA512A677F9400A3FD3D /* Consolidation_IVApp.swift in Sources */ = {isa = PBXBuildFile; fileRef = 37BBBA502A677F9400A3FD3D /* Consolidation_IVApp.swift */; };
		37BBBA532A677F9400A3FD3D /* ContentView.swift in Sources */ = {isa = PBXBuildFile; fileRef = 37BBBA522A677F9400A3FD3D /* ContentView.swift */; };
		37BBBA552A677F9600A3FD3D /* Assets.xcassets in Resources */ = {isa = PBXBuildFile; fileRef = 37BBBA542A677F9600A3FD3D /* Assets.xcassets */; };
		37BBBA582A677F9600A3FD3D /* Preview Assets.xcassets in Resources */ = {isa = PBXBuildFile; fileRef = 37BBBA572A677F9600A3FD3D /* Preview Assets.xcassets */; };
		37BBBA5F2A67811300A3FD3D /* ActivityItem.swift in Sources */ = {isa = PBXBuildFile; fileRef = 37BBBA5E2A67811300A3FD3D /* ActivityItem.swift */; };
		37BBBA612A678AC100A3FD3D /* Activities.swift in Sources */ = {isa = PBXBuildFile; fileRef = 37BBBA602A678AC100A3FD3D /* Activities.swift */; };
		37BBBA632A67904600A3FD3D /* AddActivity.swift in Sources */ = {isa = PBXBuildFile; fileRef = 37BBBA622A67904600A3FD3D /* AddActivity.swift */; };
		37BBBA652A67A15E00A3FD3D /* DetailActivity.swift in Sources */ = {isa = PBXBuildFile; fileRef = 37BBBA642A67A15E00A3FD3D /* DetailActivity.swift */; };
/* End PBXBuildFile section */

/* Begin PBXFileReference section */
		37BBBA4D2A677F9400A3FD3D /* Consolidation IV.app */ = {isa = PBXFileReference; explicitFileType = wrapper.application; includeInIndex = 0; path = "Consolidation IV.app"; sourceTree = BUILT_PRODUCTS_DIR; };
		37BBBA502A677F9400A3FD3D /* Consolidation_IVApp.swift */ = {isa = PBXFileReference; lastKnownFileType = sourcecode.swift; path = Consolidation_IVApp.swift; sourceTree = "<group>"; };
		37BBBA522A677F9400A3FD3D /* ContentView.swift */ = {isa = PBXFileReference; lastKnownFileType = sourcecode.swift; path = ContentView.swift; sourceTree = "<group>"; };
		37BBBA542A677F9600A3FD3D /* Assets.xcassets */ = {isa = PBXFileReference; lastKnownFileType = folder.assetcatalog; path = Assets.xcassets; sourceTree = "<group>"; };
		37BBBA572A677F9600A3FD3D /* Preview Assets.xcassets */ = {isa = PBXFileReference; lastKnownFileType = folder.assetcatalog; path = "Preview Assets.xcassets"; sourceTree = "<group>"; };
		37BBBA5E2A67811300A3FD3D /* ActivityItem.swift */ = {isa = PBXFileReference; lastKnownFileType = sourcecode.swift; path = ActivityItem.swift; sourceTree = "<group>"; };
		37BBBA602A678AC100A3FD3D /* Activities.swift */ = {isa = PBXFileReference; lastKnownFileType = sourcecode.swift; path = Activities.swift; sourceTree = "<group>"; };
		37BBBA622A67904600A3FD3D /* AddActivity.swift */ = {isa = PBXFileReference; lastKnownFileType = sourcecode.swift; path = AddActivity.swift; sourceTree = "<group>"; };
		37BBBA642A67A15E00A3FD3D /* DetailActivity.swift */ = {isa = PBXFileReference; lastKnownFileType = sourcecode.swift; path = DetailActivity.swift; sourceTree = "<group>"; };
/* End PBXFileReference section */

/* Begin PBXFrameworksBuildPhase section */
		37BBBA4A2A677F9400A3FD3D /* Frameworks */ = {
			isa = PBXFrameworksBuildPhase;
			buildActionMask = 2147483647;
			files = (
			);
			runOnlyForDeploymentPostprocessing = 0;
		};
/* End PBXFrameworksBuildPhase section */

/* Begin PBXGroup section */
		37BBBA442A677F9400A3FD3D = {
			isa = PBXGroup;
			children = (
				37BBBA4F2A677F9400A3FD3D /* Consolidation IV */,
				37BBBA4E2A677F9400A3FD3D /* Products */,
			);
			sourceTree = "<group>";
		};
		37BBBA4E2A677F9400A3FD3D /* Products */ = {
			isa = PBXGroup;
			children = (
				37BBBA4D2A677F9400A3FD3D /* Consolidation IV.app */,
			);
			name = Products;
			sourceTree = "<group>";
		};
		37BBBA4F2A677F9400A3FD3D /* Consolidation IV */ = {
			isa = PBXGroup;
			children = (
				37BBBA502A677F9400A3FD3D /* Consolidation_IVApp.swift */,
				37BBBA522A677F9400A3FD3D /* ContentView.swift */,
				37BBBA642A67A15E00A3FD3D /* DetailActivity.swift */,
				37BBBA622A67904600A3FD3D /* AddActivity.swift */,
				37BBBA5E2A67811300A3FD3D /* ActivityItem.swift */,
				37BBBA602A678AC100A3FD3D /* Activities.swift */,
				37BBBA542A677F9600A3FD3D /* Assets.xcassets */,
				37BBBA562A677F9600A3FD3D /* Preview Content */,
			);
			path = "Consolidation IV";
			sourceTree = "<group>";
		};
		37BBBA562A677F9600A3FD3D /* Preview Content */ = {
			isa = PBXGroup;
			children = (
				37BBBA572A677F9600A3FD3D /* Preview Assets.xcassets */,
			);
			path = "Preview Content";
			sourceTree = "<group>";
		};
/* End PBXGroup section */

/* Begin PBXNativeTarget section */
		37BBBA4C2A677F9400A3FD3D /* Consolidation IV */ = {
			isa = PBXNativeTarget;
			buildConfigurationList = 37BBBA5B2A677F9600A3FD3D /* Build configuration list for PBXNativeTarget "Consolidation IV" */;
			buildPhases = (
				37BBBA492A677F9400A3FD3D /* Sources */,
				37BBBA4A2A677F9400A3FD3D /* Frameworks */,
				37BBBA4B2A677F9400A3FD3D /* Resources */,
			);
			buildRules = (
			);
			dependencies = (
			);
			name = "Consolidation IV";
			productName = "Consolidation IV";
			productReference = 37BBBA4D2A677F9400A3FD3D /* Consolidation IV.app */;
			productType = "com.apple.product-type.application";
		};
/* End PBXNativeTarget section */

/* Begin PBXProject section */
		37BBBA452A677F9400A3FD3D /* Project object */ = {
			isa = PBXProject;
			attributes = {
				BuildIndependentTargetsInParallel = 1;
				LastSwiftUpdateCheck = 1340;
				LastUpgradeCheck = 1340;
				TargetAttributes = {
					37BBBA4C2A677F9400A3FD3D = {
						CreatedOnToolsVersion = 13.4.1;
					};
				};
			};
			buildConfigurationList = 37BBBA482A677F9400A3FD3D /* Build configuration list for PBXProject "Consolidation IV" */;
			compatibilityVersion = "Xcode 13.0";
			developmentRegion = en;
			hasScannedForEncodings = 0;
			knownRegions = (
				en,
				Base,
			);
			mainGroup = 37BBBA442A677F9400A3FD3D;
			productRefGroup = 37BBBA4E2A677F9400A3FD3D /* Products */;
			projectDirPath = "";
			projectRoot = "";
			targets = (
				37BBBA4C2A677F9400A3FD3D /* Consolidation IV */,
			);
		};
/* End PBXProject section */

/* Begin PBXResourcesBuildPhase section */
		37BBBA4B2A677F9400A3FD3D /* Resources */ = {
			isa = PBXResourcesBuildPhase;
			buildActionMask = 2147483647;
			files = (
				37BBBA582A677F9600A3FD3D /* Preview Assets.xcassets in Resources */,
				37BBBA552A677F9600A3FD3D /* Assets.xcassets in Resources */,
			);
			runOnlyForDeploymentPostprocessing = 0;
		};
/* End PBXResourcesBuildPhase section */

/* Begin PBXSourcesBuildPhase section */
		37BBBA492A677F9400A3FD3D /* Sources */ = {
			isa = PBXSourcesBuildPhase;
			buildActionMask = 2147483647;
			files = (
				37BBBA5F2A67811300A3FD3D /* ActivityItem.swift in Sources */,
				37BBBA532A677F9400A3FD3D /* ContentView.swift in Sources */,
				37BBBA632A67904600A3FD3D /* AddActivity.swift in Sources */,
				37BBBA612A678AC100A3FD3D /* Activities.swift in Sources */,
				37BBBA512A677F9400A3FD3D /* Consolidation_IVApp.swift in Sources */,
				37BBBA652A67A15E00A3FD3D /* DetailActivity.swift in Sources */,
			);
			runOnlyForDeploymentPostprocessing = 0;
		};
/* End PBXSourcesBuildPhase section */

/* Begin XCBuildConfiguration section */
		37BBBA592A677F9600A3FD3D /* Debug */ = {
			isa = XCBuildConfiguration;
			buildSettings = {
				ALWAYS_SEARCH_USER_PATHS = NO;
				CLANG_ANALYZER_NONNULL = YES;
				CLANG_ANALYZER_NUMBER_OBJECT_CONVERSION = YES_AGGRESSIVE;
				CLANG_CXX_LANGUAGE_STANDARD = "gnu++17";
				CLANG_ENABLE_MODULES = YES;
				CLANG_ENABLE_OBJC_ARC = YES;
				CLANG_ENABLE_OBJC_WEAK = YES;
				CLANG_WARN_BLOCK_CAPTURE_AUTORELEASING = YES;
				CLANG_WARN_BOOL_CONVERSION = YES;
				CLANG_WARN_COMMA = YES;
				CLANG_WARN_CONSTANT_CONVERSION = YES;
				CLANG_WARN_DEPRECATED_OBJC_IMPLEMENTATIONS = YES;
				CLANG_WARN_DIRECT_OBJC_ISA_USAGE = YES_ERROR;
				CLANG_WARN_DOCUMENTATION_COMMENTS = YES;
				CLANG_WARN_EMPTY_BODY = YES;
				CLANG_WARN_ENUM_CONVERSION = YES;
				CLANG_WARN_INFINITE_RECURSION = YES;
				CLANG_WARN_INT_CONVERSION = YES;
				CLANG_WARN_NON_LITERAL_NULL_CONVERSION = YES;
				CLANG_WARN_OBJC_IMPLICIT_RETAIN_SELF = YES;
				CLANG_WARN_OBJC_LITERAL_CONVERSION = YES;
				CLANG_WARN_OBJC_ROOT_CLASS = YES_ERROR;
				CLANG_WARN_QUOTED_INCLUDE_IN_FRAMEWORK_HEADER = YES;
				CLANG_WARN_RANGE_LOOP_ANALYSIS = YES;
				CLANG_WARN_STRICT_PROTOTYPES = YES;
				CLANG_WARN_SUSPICIOUS_MOVE = YES;
				CLANG_WARN_UNGUARDED_AVAILABILITY = YES_AGGRESSIVE;
				CLANG_WARN_UNREACHABLE_CODE = YES;
				CLANG_WARN__DUPLICATE_METHOD_MATCH = YES;
				COPY_PHASE_STRIP = NO;
				DEBUG_INFORMATION_FORMAT = dwarf;
				ENABLE_STRICT_OBJC_MSGSEND = YES;
				ENABLE_TESTABILITY = YES;
				GCC_C_LANGUAGE_STANDARD = gnu11;
				GCC_DYNAMIC_NO_PIC = NO;
				GCC_NO_COMMON_BLOCKS = YES;
				GCC_OPTIMIZATION_LEVEL = 0;
				GCC_PREPROCESSOR_DEFINITIONS = (
					"DEBUG=1",
					"$(inherited)",
				);
				GCC_WARN_64_TO_32_BIT_CONVERSION = YES;
				GCC_WARN_ABOUT_RETURN_TYPE = YES_ERROR;
				GCC_WARN_UNDECLARED_SELECTOR = YES;
				GCC_WARN_UNINITIALIZED_AUTOS = YES_AGGRESSIVE;
				GCC_WARN_UNUSED_FUNCTION = YES;
				GCC_WARN_UNUSED_VARIABLE = YES;
				IPHONEOS_DEPLOYMENT_TARGET = 15.5;
				MTL_ENABLE_DEBUG_INFO = INCLUDE_SOURCE;
				MTL_FAST_MATH = YES;
				ONLY_ACTIVE_ARCH = YES;
				SDKROOT = iphoneos;
				SWIFT_ACTIVE_COMPILATION_CONDITIONS = DEBUG;
				SWIFT_OPTIMIZATION_LEVEL = "-Onone";
			};
			name = Debug;
		};
		37BBBA5A2A677F9600A3FD3D /* Release */ = {
			isa = XCBuildConfiguration;
			buildSettings = {
				ALWAYS_SEARCH_USER_PATHS = NO;
				CLANG_ANALYZER_NONNULL = YES;
				CLANG_ANALYZER_NUMBER_OBJECT_CONVERSION = YES_AGGRESSIVE;
				CLANG_CXX_LANGUAGE_STANDARD = "gnu++17";
				CLANG_ENABLE_MODULES = YES;
				CLANG_ENABLE_OBJC_ARC = YES;
				CLANG_ENABLE_OBJC_WEAK = YES;
				CLANG_WARN_BLOCK_CAPTURE_AUTORELEASING = YES;
				CLANG_WARN_BOOL_CONVERSION = YES;
				CLANG_WARN_COMMA = YES;
				CLANG_WARN_CONSTANT_CONVERSION = YES;
				CLANG_WARN_DEPRECATED_OBJC_IMPLEMENTATIONS = YES;
				CLANG_WARN_DIRECT_OBJC_ISA_USAGE = YES_ERROR;
				CLANG_WARN_DOCUMENTATION_COMMENTS = YES;
				CLANG_WARN_EMPTY_BODY = YES;
				CLANG_WARN_ENUM_CONVERSION = YES;
				CLANG_WARN_INFINITE_RECURSION = YES;
				CLANG_WARN_INT_CONVERSION = YES;
				CLANG_WARN_NON_LITERAL_NULL_CONVERSION = YES;
				CLANG_WARN_OBJC_IMPLICIT_RETAIN_SELF = YES;
				CLANG_WARN_OBJC_LITERAL_CONVERSION = YES;
				CLANG_WARN_OBJC_ROOT_CLASS = YES_ERROR;
				CLANG_WARN_QUOTED_INCLUDE_IN_FRAMEWORK_HEADER = YES;
				CLANG_WARN_RANGE_LOOP_ANALYSIS = YES;
				CLANG_WARN_STRICT_PROTOTYPES = YES;
				CLANG_WARN_SUSPICIOUS_MOVE = YES;
				CLANG_WARN_UNGUARDED_AVAILABILITY = YES_AGGRESSIVE;
				CLANG_WARN_UNREACHABLE_CODE = YES;
				CLANG_WARN__DUPLICATE_METHOD_MATCH = YES;
				COPY_PHASE_STRIP = NO;
				DEBUG_INFORMATION_FORMAT = "dwarf-with-dsym";
				ENABLE_NS_ASSERTIONS = NO;
				ENABLE_STRICT_OBJC_MSGSEND = YES;
				GCC_C_LANGUAGE_STANDARD = gnu11;
				GCC_NO_COMMON_BLOCKS = YES;
				GCC_WARN_64_TO_32_BIT_CONVERSION = YES;
				GCC_WARN_ABOUT_RETURN_TYPE = YES_ERROR;
				GCC_WARN_UNDECLARED_SELECTOR = YES;
				GCC_WARN_UNINITIALIZED_AUTOS = YES_AGGRESSIVE;
				GCC_WARN_UNUSED_FUNCTION = YES;
				GCC_WARN_UNUSED_VARIABLE = YES;
				IPHONEOS_DEPLOYMENT_TARGET = 15.5;
				MTL_ENABLE_DEBUG_INFO = NO;
				MTL_FAST_MATH = YES;
				SDKROOT = iphoneos;
				SWIFT_COMPILATION_MODE = wholemodule;
				SWIFT_OPTIMIZATION_LEVEL = "-O";
				VALIDATE_PRODUCT = YES;
			};
			name = Release;
		};
		37BBBA5C2A677F9600A3FD3D /* Debug */ = {
			isa = XCBuildConfiguration;
			buildSettings = {
				ASSETCATALOG_COMPILER_APPICON_NAME = AppIcon;
				ASSETCATALOG_COMPILER_GLOBAL_ACCENT_COLOR_NAME = AccentColor;
				CODE_SIGN_STYLE = Automatic;
				CURRENT_PROJECT_VERSION = 1;
				DEVELOPMENT_ASSET_PATHS = "\"Consolidation IV/Preview Content\"";
				DEVELOPMENT_TEAM = 5F5LL88CMX;
				ENABLE_PREVIEWS = YES;
				GENERATE_INFOPLIST_FILE = YES;
				INFOPLIST_KEY_UIApplicationSceneManifest_Generation = YES;
				INFOPLIST_KEY_UIApplicationSupportsIndirectInputEvents = YES;
				INFOPLIST_KEY_UILaunchScreen_Generation = YES;
				INFOPLIST_KEY_UISupportedInterfaceOrientations_iPad = "UIInterfaceOrientationPortrait UIInterfaceOrientationPortraitUpsideDown UIInterfaceOrientationLandscapeLeft UIInterfaceOrientationLandscapeRight";
				INFOPLIST_KEY_UISupportedInterfaceOrientations_iPhone = "UIInterfaceOrientationPortrait UIInterfaceOrientationLandscapeLeft UIInterfaceOrientationLandscapeRight";
				LD_RUNPATH_SEARCH_PATHS = (
					"$(inherited)",
					"@executable_path/Frameworks",
				);
				MARKETING_VERSION = 1.0;
				PRODUCT_BUNDLE_IDENTIFIER = "com.ppk17.Consolidation-IV";
				PRODUCT_NAME = "$(TARGET_NAME)";
				SWIFT_EMIT_LOC_STRINGS = YES;
				SWIFT_VERSION = 5.0;
				TARGETED_DEVICE_FAMILY = "1,2";
			};
			name = Debug;
		};
		37BBBA5D2A677F9600A3FD3D /* Release */ = {
			isa = XCBuildConfiguration;
			buildSettings = {
				ASSETCATALOG_COMPILER_APPICON_NAME = AppIcon;
				ASSETCATALOG_COMPILER_GLOBAL_ACCENT_COLOR_NAME = AccentColor;
				CODE_SIGN_STYLE = Automatic;
				CURRENT_PROJECT_VERSION = 1;
				DEVELOPMENT_ASSET_PATHS = "\"Consolidation IV/Preview Content\"";
				DEVELOPMENT_TEAM = 5F5LL88CMX;
				ENABLE_PREVIEWS = YES;
				GENERATE_INFOPLIST_FILE = YES;
				INFOPLIST_KEY_UIApplicationSceneManifest_Generation = YES;
				INFOPLIST_KEY_UIApplicationSupportsIndirectInputEvents = YES;
				INFOPLIST_KEY_UILaunchScreen_Generation = YES;
				INFOPLIST_KEY_UISupportedInterfaceOrientations_iPad = "UIInterfaceOrientationPortrait UIInterfaceOrientationPortraitUpsideDown UIInterfaceOrientationLandscapeLeft UIInterfaceOrientationLandscapeRight";
				INFOPLIST_KEY_UISupportedInterfaceOrientations_iPhone = "UIInterfaceOrientationPortrait UIInterfaceOrientationLandscapeLeft UIInterfaceOrientationLandscapeRight";
				LD_RUNPATH_SEARCH_PATHS = (
					"$(inherited)",
					"@executable_path/Frameworks",
				);
				MARKETING_VERSION = 1.0;
				PRODUCT_BUNDLE_IDENTIFIER = "com.ppk17.Consolidation-IV";
				PRODUCT_NAME = "$(TARGET_NAME)";
				SWIFT_EMIT_LOC_STRINGS = YES;
				SWIFT_VERSION = 5.0;
				TARGETED_DEVICE_FAMILY = "1,2";
			};
			name = Release;
		};
/* End XCBuildConfiguration section */

/* Begin XCConfigurationList section */
		37BBBA482A677F9400A3FD3D /* Build configuration list for PBXProject "Consolidation IV" */ = {
			isa = XCConfigurationList;
			buildConfigurations = (
				37BBBA592A677F9600A3FD3D /* Debug */,
				37BBBA5A2A677F9600A3FD3D /* Release */,
			);
			defaultConfigurationIsVisible = 0;
			defaultConfigurationName = Release;
		};
		37BBBA5B2A677F9600A3FD3D /* Build configuration list for PBXNativeTarget "Consolidation IV" */ = {
			isa = XCConfigurationList;
			buildConfigurations = (
				37BBBA5C2A677F9600A3FD3D /* Debug */,
				37BBBA5D2A677F9600A3FD3D /* Release */,
			);
			defaultConfigurationIsVisible = 0;
			defaultConfigurationName = Release;
		};
/* End XCConfigurationList section */
	};
	rootObject = 37BBBA452A677F9400A3FD3D /* Project object */;
}
